
Microsoft Visual Studio Solution File, Format Version 12.00
# Visual Studio Version 17
VisualStudioVersion = 17.2.32630.192
MinimumVisualStudioVersion = 10.0.40219.1
Project("{FAE04EC0-301F-11D3-BF4B-00C04F79EFBC}") = "Module 7", "Module 7\Module 7.csproj", "{9CE122A2-03CA-4D8E-9A2D-5A365B71E86C}"
EndProject
Global
	GlobalSection(SolutionConfigurationPlatforms) = preSolution
		Debug|Any CPU = Debug|Any CPU
		Release|Any CPU = Release|Any CPU
	EndGlobalSection
	GlobalSection(ProjectConfigurationPlatforms) = postSolution
		{9CE122A2-03CA-4D8E-9A2D-5A365B71E86C}.Debug|Any CPU.ActiveCfg = Debug|Any CPU
		{9CE122A2-03CA-4D8E-9A2D-5A365B71E86C}.Debug|Any CPU.Build.0 = Debug|Any CPU
		{9CE122A2-03CA-4D8E-9A2D-5A365B71E86C}.Release|Any CPU.ActiveCfg = Release|Any CPU
		{9CE122A2-03CA-4D8E-9A2D-5A365B71E86C}.Release|Any CPU.Build.0 = Release|Any CPU
	EndGlobalSection
	GlobalSection(SolutionProperties) = preSolution
		HideSolutionNode = FALSE
	EndGlobalSection
	GlobalSection(ExtensibilityGlobals) = postSolution
		SolutionGuid = {235C8968-92AF-42AD-93FD-3C19B37F5CC9}
	EndGlobalSection
EndGlobal
